// !$*UTF8*$!
{
	archiveVersion = 1;
	classes = {
	};
	objectVersion = 51;
	objects = {

/* Begin PBXBuildFile section */
		123FC6C9EAEB7E8930538FF1 /* libPods-OpenGLDemo.a in Frameworks */ = {isa = PBXBuildFile; fileRef = 6EBAAC997DC350149592DD4D /* libPods-OpenGLDemo.a */; };
		884B5050257E305E00B2824A /* ZYPDrawingBoardViewController.m in Sources */ = {isa = PBXBuildFile; fileRef = 884B504F257E305E00B2824A /* ZYPDrawingBoardViewController.m */; };
		884B5052257E319B00B2824A /* cTest.jpg in Resources */ = {isa = PBXBuildFile; fileRef = 884B5051257E319B00B2824A /* cTest.jpg */; };
		884B505825875D8700B2824A /* ZYPDrawingBoardView.m in Sources */ = {isa = PBXBuildFile; fileRef = 884B505725875D8700B2824A /* ZYPDrawingBoardView.m */; };
		884B505B25875DA400B2824A /* ZYPDrawingBoardSoundEffect.m in Sources */ = {isa = PBXBuildFile; fileRef = 884B505A25875DA400B2824A /* ZYPDrawingBoardSoundEffect.m */; };
		884B506225875EEC00B2824A /* point.fsh in Resources */ = {isa = PBXBuildFile; fileRef = 884B506125875EEC00B2824A /* point.fsh */; };
		884B506425875F0300B2824A /* point.vsh in Resources */ = {isa = PBXBuildFile; fileRef = 884B506325875F0300B2824A /* point.vsh */; };
		884B506F2587625F00B2824A /* Select.caf in Resources */ = {isa = PBXBuildFile; fileRef = 884B50662587625F00B2824A /* Select.caf */; };
		884B50702587625F00B2824A /* fileUtil.m in Sources */ = {isa = PBXBuildFile; fileRef = 884B50672587625F00B2824A /* fileUtil.m */; };
		884B50712587625F00B2824A /* CC.string in Resources */ = {isa = PBXBuildFile; fileRef = 884B50692587625F00B2824A /* CC.string */; };
		884B50722587625F00B2824A /* abc.string in Resources */ = {isa = PBXBuildFile; fileRef = 884B506A2587625F00B2824A /* abc.string */; };
		884B50732587625F00B2824A /* Erase.caf in Resources */ = {isa = PBXBuildFile; fileRef = 884B506C2587625F00B2824A /* Erase.caf */; };
		884B50742587625F00B2824A /* shaderUtil.c in Sources */ = {isa = PBXBuildFile; fileRef = 884B506D2587625F00B2824A /* shaderUtil.c */; };
		885DB24A25B93A2700FE486E /* ZYPImageColorTemperatureViewController.m in Sources */ = {isa = PBXBuildFile; fileRef = 885DB24925B93A2700FE486E /* ZYPImageColorTemperatureViewController.m */; };
		885DB24E25B93A4000FE486E /* ZYPGLView.m in Sources */ = {isa = PBXBuildFile; fileRef = 885DB24D25B93A4000FE486E /* ZYPGLView.m */; };
		885DB25225B93A5400FE486E /* ZYPContainerView.m in Sources */ = {isa = PBXBuildFile; fileRef = 885DB25125B93A5400FE486E /* ZYPContainerView.m */; };
		885DB25525B9721600FE486E /* ImageVertexShader.vsh in Resources */ = {isa = PBXBuildFile; fileRef = 885DB25425B9721600FE486E /* ImageVertexShader.vsh */; };
		885DB25925B9723A00FE486E /* ImageSaturation.fsh in Resources */ = {isa = PBXBuildFile; fileRef = 885DB25825B9723A00FE486E /* ImageSaturation.fsh */; };
		885DB25C25B9724D00FE486E /* ImageTemperature.fsh in Resources */ = {isa = PBXBuildFile; fileRef = 885DB25B25B9724D00FE486E /* ImageTemperature.fsh */; };
		885DB25F25BAD37100FE486E /* Lena.png in Resources */ = {isa = PBXBuildFile; fileRef = 885DB25E25BAD37100FE486E /* Lena.png */; };
		8895517D25C7B3BB006634A6 /* ZYPTakePhotoWithGPUImageViewController.m in Sources */ = {isa = PBXBuildFile; fileRef = 8895517C25C7B3BB006634A6 /* ZYPTakePhotoWithGPUImageViewController.m */; };
		88C4DAAE25AD545000ECC1FD /* ZYPEarthAndModnViewController.m in Sources */ = {isa = PBXBuildFile; fileRef = 88C4DAAD25AD545000ECC1FD /* ZYPEarthAndModnViewController.m */; };
		88C4DAB625AD554700ECC1FD /* AGLKVertexAttribArrayBuffer.m in Sources */ = {isa = PBXBuildFile; fileRef = 88C4DAB525AD554700ECC1FD /* AGLKVertexAttribArrayBuffer.m */; };
		88C4DABD25AD556800ECC1FD /* Earth512x256.jpg in Resources */ = {isa = PBXBuildFile; fileRef = 88C4DAB925AD556700ECC1FD /* Earth512x256.jpg */; };
		88C4DABE25AD556800ECC1FD /* sphere.obj in Resources */ = {isa = PBXBuildFile; fileRef = 88C4DABA25AD556800ECC1FD /* sphere.obj */; };
		88C4DABF25AD556800ECC1FD /* Moon256x128.png in Resources */ = {isa = PBXBuildFile; fileRef = 88C4DABB25AD556800ECC1FD /* Moon256x128.png */; };
		88C4DACF25AEF66F00ECC1FD /* ZYPLightViewController.m in Sources */ = {isa = PBXBuildFile; fileRef = 88C4DACE25AEF66F00ECC1FD /* ZYPLightViewController.m */; };
		88C4DAD325AEF75900ECC1FD /* sceneUtil.m in Sources */ = {isa = PBXBuildFile; fileRef = 88C4DAD225AEF75900ECC1FD /* sceneUtil.m */; };
		88C4DAE025B0310800ECC1FD /* skybox2.png in Resources */ = {isa = PBXBuildFile; fileRef = 88C4DADD25B0310800ECC1FD /* skybox2.png */; };
		88C4DAE125B0310800ECC1FD /* skybox3.png in Resources */ = {isa = PBXBuildFile; fileRef = 88C4DADE25B0310800ECC1FD /* skybox3.png */; };
		88C4DAE225B0310800ECC1FD /* skybox1.png in Resources */ = {isa = PBXBuildFile; fileRef = 88C4DADF25B0310800ECC1FD /* skybox1.png */; };
		88C4DAE725B0313600ECC1FD /* starship.c in Sources */ = {isa = PBXBuildFile; fileRef = 88C4DAE525B0313600ECC1FD /* starship.c */; };
		88C4DAEB25B0317A00ECC1FD /* ZYPSkyBoxViewController.m in Sources */ = {isa = PBXBuildFile; fileRef = 88C4DAEA25B0317A00ECC1FD /* ZYPSkyBoxViewController.m */; };
		88C4DAF325B031B300ECC1FD /* SkyBoxShader.vsh in Resources */ = {isa = PBXBuildFile; fileRef = 88C4DAF225B031B300ECC1FD /* SkyBoxShader.vsh */; };
		88C4DAF625B031C000ECC1FD /* SkyBoxShader.fsh in Resources */ = {isa = PBXBuildFile; fileRef = 88C4DAF525B031C000ECC1FD /* SkyBoxShader.fsh */; };
		88C4DAFB25B032A200ECC1FD /* ZYPSkyBoxEffect.m in Sources */ = {isa = PBXBuildFile; fileRef = 88C4DAFA25B032A200ECC1FD /* ZYPSkyBoxEffect.m */; };
		88C4DB0725B52B8100ECC1FD /* ZYPParticleSystemViewController.m in Sources */ = {isa = PBXBuildFile; fileRef = 88C4DB0625B52B8100ECC1FD /* ZYPParticleSystemViewController.m */; };
		88C4DB0C25B52BBC00ECC1FD /* ZYPPointParticleEffect.m in Sources */ = {isa = PBXBuildFile; fileRef = 88C4DB0B25B52BBC00ECC1FD /* ZYPPointParticleEffect.m */; };
		88C4DB1025B52BE000ECC1FD /* ZYPVertexAttribArrayBuffer.m in Sources */ = {isa = PBXBuildFile; fileRef = 88C4DB0F25B52BE000ECC1FD /* ZYPVertexAttribArrayBuffer.m */; };
		88C4DB1325B572FC00ECC1FD /* PointParticlesShader.vsh in Resources */ = {isa = PBXBuildFile; fileRef = 88C4DB1225B572FC00ECC1FD /* PointParticlesShader.vsh */; };
		88C4DB1625B5730D00ECC1FD /* PointParticlesShader.fsh in Resources */ = {isa = PBXBuildFile; fileRef = 88C4DB1525B5730D00ECC1FD /* PointParticlesShader.fsh */; };
		88C4DB1A25B5929E00ECC1FD /* ball.png in Resources */ = {isa = PBXBuildFile; fileRef = 88C4DB1925B5929E00ECC1FD /* ball.png */; };
		88C4DB2725B8116900ECC1FD /* ZYPMainViewController.m in Sources */ = {isa = PBXBuildFile; fileRef = 88C4DB2625B8116800ECC1FD /* ZYPMainViewController.m */; };
		88D2B99F25C266B60074BA54 /* ZYPOpenGLESWithGPUImageViewController.m in Sources */ = {isa = PBXBuildFile; fileRef = 88D2B99E25C266B60074BA54 /* ZYPOpenGLESWithGPUImageViewController.m */; };
		88D2B9A325C2694E0074BA54 /* ZYPRecordVideoWithGPUImageViewController.m in Sources */ = {isa = PBXBuildFile; fileRef = 88D2B9A225C2694E0074BA54 /* ZYPRecordVideoWithGPUImageViewController.m */; };
		88D2B9A725C2696D0074BA54 /* ZYPVideoManager.m in Sources */ = {isa = PBXBuildFile; fileRef = 88D2B9A625C2696D0074BA54 /* ZYPVideoManager.m */; };
		88D2B9AB25C26A280074BA54 /* ZYPGPUImageBeautifyFilter.m in Sources */ = {isa = PBXBuildFile; fileRef = 88D2B9AA25C26A280074BA54 /* ZYPGPUImageBeautifyFilter.m */; };
		88E53F1D25764AD7004C7DC3 /* AppDelegate.m in Sources */ = {isa = PBXBuildFile; fileRef = 88E53F1C25764AD7004C7DC3 /* AppDelegate.m */; };
		88E53F2025764AD7004C7DC3 /* SceneDelegate.m in Sources */ = {isa = PBXBuildFile; fileRef = 88E53F1F25764AD7004C7DC3 /* SceneDelegate.m */; };
		88E53F2625764AD7004C7DC3 /* Main.storyboard in Resources */ = {isa = PBXBuildFile; fileRef = 88E53F2425764AD7004C7DC3 /* Main.storyboard */; };
		88E53F2825764ADB004C7DC3 /* Assets.xcassets in Resources */ = {isa = PBXBuildFile; fileRef = 88E53F2725764ADB004C7DC3 /* Assets.xcassets */; };
		88E53F2B25764ADB004C7DC3 /* LaunchScreen.storyboard in Resources */ = {isa = PBXBuildFile; fileRef = 88E53F2925764ADB004C7DC3 /* LaunchScreen.storyboard */; };
		88E53F2E25764ADB004C7DC3 /* main.m in Sources */ = {isa = PBXBuildFile; fileRef = 88E53F2D25764ADB004C7DC3 /* main.m */; };
		88E53F3825764F6E004C7DC3 /* ZYPPyramidViewController.m in Sources */ = {isa = PBXBuildFile; fileRef = 88E53F3725764F6E004C7DC3 /* ZYPPyramidViewController.m */; };
/* End PBXBuildFile section */

/* Begin PBXFileReference section */
		54CD9527A126BD714F223327 /* Pods-OpenGLDemo.release.xcconfig */ = {isa = PBXFileReference; includeInIndex = 1; lastKnownFileType = text.xcconfig; name = "Pods-OpenGLDemo.release.xcconfig"; path = "Target Support Files/Pods-OpenGLDemo/Pods-OpenGLDemo.release.xcconfig"; sourceTree = "<group>"; };
		6EBAAC997DC350149592DD4D /* libPods-OpenGLDemo.a */ = {isa = PBXFileReference; explicitFileType = archive.ar; includeInIndex = 0; path = "libPods-OpenGLDemo.a"; sourceTree = BUILT_PRODUCTS_DIR; };
		7656CBDD3883E97B27075685 /* Pods-OpenGLDemo.debug.xcconfig */ = {isa = PBXFileReference; includeInIndex = 1; lastKnownFileType = text.xcconfig; name = "Pods-OpenGLDemo.debug.xcconfig"; path = "Target Support Files/Pods-OpenGLDemo/Pods-OpenGLDemo.debug.xcconfig"; sourceTree = "<group>"; };
		884B504E257E305E00B2824A /* ZYPDrawingBoardViewController.h */ = {isa = PBXFileReference; lastKnownFileType = sourcecode.c.h; path = ZYPDrawingBoardViewController.h; sourceTree = "<group>"; };
		884B504F257E305E00B2824A /* ZYPDrawingBoardViewController.m */ = {isa = PBXFileReference; lastKnownFileType = sourcecode.c.objc; path = ZYPDrawingBoardViewController.m; sourceTree = "<group>"; };
		884B5051257E319B00B2824A /* cTest.jpg */ = {isa = PBXFileReference; lastKnownFileType = image.jpeg; path = cTest.jpg; sourceTree = "<group>"; };
		884B505625875D8700B2824A /* ZYPDrawingBoardView.h */ = {isa = PBXFileReference; lastKnownFileType = sourcecode.c.h; path = ZYPDrawingBoardView.h; sourceTree = "<group>"; };
		884B505725875D8700B2824A /* ZYPDrawingBoardView.m */ = {isa = PBXFileReference; lastKnownFileType = sourcecode.c.objc; path = ZYPDrawingBoardView.m; sourceTree = "<group>"; };
		884B505925875DA400B2824A /* ZYPDrawingBoardSoundEffect.h */ = {isa = PBXFileReference; lastKnownFileType = sourcecode.c.h; path = ZYPDrawingBoardSoundEffect.h; sourceTree = "<group>"; };
		884B505A25875DA400B2824A /* ZYPDrawingBoardSoundEffect.m */ = {isa = PBXFileReference; lastKnownFileType = sourcecode.c.objc; path = ZYPDrawingBoardSoundEffect.m; sourceTree = "<group>"; };
		884B506125875EEC00B2824A /* point.fsh */ = {isa = PBXFileReference; lastKnownFileType = sourcecode.glsl; path = point.fsh; sourceTree = "<group>"; };
		884B506325875F0300B2824A /* point.vsh */ = {isa = PBXFileReference; lastKnownFileType = sourcecode.glsl; path = point.vsh; sourceTree = "<group>"; };
		884B50662587625F00B2824A /* Select.caf */ = {isa = PBXFileReference; lastKnownFileType = file; path = Select.caf; sourceTree = "<group>"; };
		884B50672587625F00B2824A /* fileUtil.m */ = {isa = PBXFileReference; fileEncoding = 4; lastKnownFileType = sourcecode.c.objc; path = fileUtil.m; sourceTree = "<group>"; };
		884B50682587625F00B2824A /* fileUtil.h */ = {isa = PBXFileReference; fileEncoding = 4; lastKnownFileType = sourcecode.c.h; path = fileUtil.h; sourceTree = "<group>"; };
		884B50692587625F00B2824A /* CC.string */ = {isa = PBXFileReference; fileEncoding = 4; lastKnownFileType = text; path = CC.string; sourceTree = "<group>"; };
		884B506A2587625F00B2824A /* abc.string */ = {isa = PBXFileReference; fileEncoding = 4; lastKnownFileType = text; path = abc.string; sourceTree = "<group>"; };
		884B506B2587625F00B2824A /* debug.h */ = {isa = PBXFileReference; fileEncoding = 4; lastKnownFileType = sourcecode.c.h; path = debug.h; sourceTree = "<group>"; };
		884B506C2587625F00B2824A /* Erase.caf */ = {isa = PBXFileReference; lastKnownFileType = file; path = Erase.caf; sourceTree = "<group>"; };
		884B506D2587625F00B2824A /* shaderUtil.c */ = {isa = PBXFileReference; fileEncoding = 4; lastKnownFileType = sourcecode.c.c; path = shaderUtil.c; sourceTree = "<group>"; };
		884B506E2587625F00B2824A /* shaderUtil.h */ = {isa = PBXFileReference; fileEncoding = 4; lastKnownFileType = sourcecode.c.h; path = shaderUtil.h; sourceTree = "<group>"; };
		885DB24825B93A2700FE486E /* ZYPImageColorTemperatureViewController.h */ = {isa = PBXFileReference; lastKnownFileType = sourcecode.c.h; path = ZYPImageColorTemperatureViewController.h; sourceTree = "<group>"; };
		885DB24925B93A2700FE486E /* ZYPImageColorTemperatureViewController.m */ = {isa = PBXFileReference; lastKnownFileType = sourcecode.c.objc; path = ZYPImageColorTemperatureViewController.m; sourceTree = "<group>"; };
		885DB24C25B93A4000FE486E /* ZYPGLView.h */ = {isa = PBXFileReference; lastKnownFileType = sourcecode.c.h; path = ZYPGLView.h; sourceTree = "<group>"; };
		885DB24D25B93A4000FE486E /* ZYPGLView.m */ = {isa = PBXFileReference; lastKnownFileType = sourcecode.c.objc; path = ZYPGLView.m; sourceTree = "<group>"; };
		885DB25025B93A5400FE486E /* ZYPContainerView.h */ = {isa = PBXFileReference; lastKnownFileType = sourcecode.c.h; path = ZYPContainerView.h; sourceTree = "<group>"; };
		885DB25125B93A5400FE486E /* ZYPContainerView.m */ = {isa = PBXFileReference; lastKnownFileType = sourcecode.c.objc; path = ZYPContainerView.m; sourceTree = "<group>"; };
		885DB25425B9721600FE486E /* ImageVertexShader.vsh */ = {isa = PBXFileReference; lastKnownFileType = sourcecode.glsl; path = ImageVertexShader.vsh; sourceTree = "<group>"; };
		885DB25825B9723A00FE486E /* ImageSaturation.fsh */ = {isa = PBXFileReference; lastKnownFileType = sourcecode.glsl; path = ImageSaturation.fsh; sourceTree = "<group>"; };
		885DB25B25B9724D00FE486E /* ImageTemperature.fsh */ = {isa = PBXFileReference; lastKnownFileType = sourcecode.glsl; path = ImageTemperature.fsh; sourceTree = "<group>"; };
		885DB25E25BAD37100FE486E /* Lena.png */ = {isa = PBXFileReference; lastKnownFileType = image.png; path = Lena.png; sourceTree = "<group>"; };
		8895517B25C7B3BB006634A6 /* ZYPTakePhotoWithGPUImageViewController.h */ = {isa = PBXFileReference; lastKnownFileType = sourcecode.c.h; path = ZYPTakePhotoWithGPUImageViewController.h; sourceTree = "<group>"; };
		8895517C25C7B3BB006634A6 /* ZYPTakePhotoWithGPUImageViewController.m */ = {isa = PBXFileReference; lastKnownFileType = sourcecode.c.objc; path = ZYPTakePhotoWithGPUImageViewController.m; sourceTree = "<group>"; };
		88C4DAAC25AD544F00ECC1FD /* ZYPEarthAndModnViewController.h */ = {isa = PBXFileReference; lastKnownFileType = sourcecode.c.h; path = ZYPEarthAndModnViewController.h; sourceTree = "<group>"; };
		88C4DAAD25AD545000ECC1FD /* ZYPEarthAndModnViewController.m */ = {isa = PBXFileReference; lastKnownFileType = sourcecode.c.objc; path = ZYPEarthAndModnViewController.m; sourceTree = "<group>"; };
		88C4DAB425AD554700ECC1FD /* AGLKVertexAttribArrayBuffer.h */ = {isa = PBXFileReference; fileEncoding = 4; lastKnownFileType = sourcecode.c.h; path = AGLKVertexAttribArrayBuffer.h; sourceTree = "<group>"; };
		88C4DAB525AD554700ECC1FD /* AGLKVertexAttribArrayBuffer.m */ = {isa = PBXFileReference; fileEncoding = 4; lastKnownFileType = sourcecode.c.objc; path = AGLKVertexAttribArrayBuffer.m; sourceTree = "<group>"; };
		88C4DAB925AD556700ECC1FD /* Earth512x256.jpg */ = {isa = PBXFileReference; lastKnownFileType = image.jpeg; path = Earth512x256.jpg; sourceTree = "<group>"; };
		88C4DABA25AD556800ECC1FD /* sphere.obj */ = {isa = PBXFileReference; fileEncoding = 4; lastKnownFileType = text; path = sphere.obj; sourceTree = "<group>"; };
		88C4DABB25AD556800ECC1FD /* Moon256x128.png */ = {isa = PBXFileReference; lastKnownFileType = image.png; path = Moon256x128.png; sourceTree = "<group>"; };
		88C4DABC25AD556800ECC1FD /* sphere.h */ = {isa = PBXFileReference; fileEncoding = 4; lastKnownFileType = sourcecode.c.h; path = sphere.h; sourceTree = "<group>"; };
		88C4DACD25AEF66F00ECC1FD /* ZYPLightViewController.h */ = {isa = PBXFileReference; lastKnownFileType = sourcecode.c.h; path = ZYPLightViewController.h; sourceTree = "<group>"; };
		88C4DACE25AEF66F00ECC1FD /* ZYPLightViewController.m */ = {isa = PBXFileReference; lastKnownFileType = sourcecode.c.objc; path = ZYPLightViewController.m; sourceTree = "<group>"; };
		88C4DAD125AEF75900ECC1FD /* sceneUtil.h */ = {isa = PBXFileReference; fileEncoding = 4; lastKnownFileType = sourcecode.c.h; path = sceneUtil.h; sourceTree = "<group>"; };
		88C4DAD225AEF75900ECC1FD /* sceneUtil.m */ = {isa = PBXFileReference; fileEncoding = 4; lastKnownFileType = sourcecode.c.objc; path = sceneUtil.m; sourceTree = "<group>"; };
		88C4DADD25B0310800ECC1FD /* skybox2.png */ = {isa = PBXFileReference; lastKnownFileType = image.png; path = skybox2.png; sourceTree = "<group>"; };
		88C4DADE25B0310800ECC1FD /* skybox3.png */ = {isa = PBXFileReference; lastKnownFileType = image.png; path = skybox3.png; sourceTree = "<group>"; };
		88C4DADF25B0310800ECC1FD /* skybox1.png */ = {isa = PBXFileReference; lastKnownFileType = image.png; path = skybox1.png; sourceTree = "<group>"; };
		88C4DAE525B0313600ECC1FD /* starship.c */ = {isa = PBXFileReference; fileEncoding = 4; lastKnownFileType = sourcecode.c.c; path = starship.c; sourceTree = "<group>"; };
		88C4DAE625B0313600ECC1FD /* starship.h */ = {isa = PBXFileReference; fileEncoding = 4; lastKnownFileType = sourcecode.c.h; path = starship.h; sourceTree = "<group>"; };
		88C4DAE925B0317A00ECC1FD /* ZYPSkyBoxViewController.h */ = {isa = PBXFileReference; lastKnownFileType = sourcecode.c.h; path = ZYPSkyBoxViewController.h; sourceTree = "<group>"; };
		88C4DAEA25B0317A00ECC1FD /* ZYPSkyBoxViewController.m */ = {isa = PBXFileReference; lastKnownFileType = sourcecode.c.objc; path = ZYPSkyBoxViewController.m; sourceTree = "<group>"; };
		88C4DAF225B031B300ECC1FD /* SkyBoxShader.vsh */ = {isa = PBXFileReference; lastKnownFileType = sourcecode.glsl; path = SkyBoxShader.vsh; sourceTree = "<group>"; };
		88C4DAF525B031C000ECC1FD /* SkyBoxShader.fsh */ = {isa = PBXFileReference; lastKnownFileType = sourcecode.glsl; path = SkyBoxShader.fsh; sourceTree = "<group>"; };
		88C4DAF925B032A200ECC1FD /* ZYPSkyBoxEffect.h */ = {isa = PBXFileReference; lastKnownFileType = sourcecode.c.h; path = ZYPSkyBoxEffect.h; sourceTree = "<group>"; };
		88C4DAFA25B032A200ECC1FD /* ZYPSkyBoxEffect.m */ = {isa = PBXFileReference; lastKnownFileType = sourcecode.c.objc; path = ZYPSkyBoxEffect.m; sourceTree = "<group>"; };
		88C4DB0525B52B8000ECC1FD /* ZYPParticleSystemViewController.h */ = {isa = PBXFileReference; lastKnownFileType = sourcecode.c.h; path = ZYPParticleSystemViewController.h; sourceTree = "<group>"; };
		88C4DB0625B52B8100ECC1FD /* ZYPParticleSystemViewController.m */ = {isa = PBXFileReference; lastKnownFileType = sourcecode.c.objc; path = ZYPParticleSystemViewController.m; sourceTree = "<group>"; };
		88C4DB0A25B52BBC00ECC1FD /* ZYPPointParticleEffect.h */ = {isa = PBXFileReference; lastKnownFileType = sourcecode.c.h; path = ZYPPointParticleEffect.h; sourceTree = "<group>"; };
		88C4DB0B25B52BBC00ECC1FD /* ZYPPointParticleEffect.m */ = {isa = PBXFileReference; lastKnownFileType = sourcecode.c.objc; path = ZYPPointParticleEffect.m; sourceTree = "<group>"; };
		88C4DB0E25B52BE000ECC1FD /* ZYPVertexAttribArrayBuffer.h */ = {isa = PBXFileReference; lastKnownFileType = sourcecode.c.h; path = ZYPVertexAttribArrayBuffer.h; sourceTree = "<group>"; };
		88C4DB0F25B52BE000ECC1FD /* ZYPVertexAttribArrayBuffer.m */ = {isa = PBXFileReference; lastKnownFileType = sourcecode.c.objc; path = ZYPVertexAttribArrayBuffer.m; sourceTree = "<group>"; };
		88C4DB1225B572FC00ECC1FD /* PointParticlesShader.vsh */ = {isa = PBXFileReference; lastKnownFileType = sourcecode.glsl; path = PointParticlesShader.vsh; sourceTree = "<group>"; };
		88C4DB1525B5730D00ECC1FD /* PointParticlesShader.fsh */ = {isa = PBXFileReference; lastKnownFileType = sourcecode.glsl; path = PointParticlesShader.fsh; sourceTree = "<group>"; };
		88C4DB1925B5929E00ECC1FD /* ball.png */ = {isa = PBXFileReference; lastKnownFileType = image.png; path = ball.png; sourceTree = "<group>"; };
		88C4DB2525B8116800ECC1FD /* ZYPMainViewController.h */ = {isa = PBXFileReference; lastKnownFileType = sourcecode.c.h; path = ZYPMainViewController.h; sourceTree = "<group>"; };
		88C4DB2625B8116800ECC1FD /* ZYPMainViewController.m */ = {isa = PBXFileReference; lastKnownFileType = sourcecode.c.objc; path = ZYPMainViewController.m; sourceTree = "<group>"; };
		88D2B99D25C266B60074BA54 /* ZYPOpenGLESWithGPUImageViewController.h */ = {isa = PBXFileReference; lastKnownFileType = sourcecode.c.h; path = ZYPOpenGLESWithGPUImageViewController.h; sourceTree = "<group>"; };
		88D2B99E25C266B60074BA54 /* ZYPOpenGLESWithGPUImageViewController.m */ = {isa = PBXFileReference; lastKnownFileType = sourcecode.c.objc; path = ZYPOpenGLESWithGPUImageViewController.m; sourceTree = "<group>"; };
		88D2B9A125C2694E0074BA54 /* ZYPRecordVideoWithGPUImageViewController.h */ = {isa = PBXFileReference; lastKnownFileType = sourcecode.c.h; path = ZYPRecordVideoWithGPUImageViewController.h; sourceTree = "<group>"; };
		88D2B9A225C2694E0074BA54 /* ZYPRecordVideoWithGPUImageViewController.m */ = {isa = PBXFileReference; lastKnownFileType = sourcecode.c.objc; path = ZYPRecordVideoWithGPUImageViewController.m; sourceTree = "<group>"; };
		88D2B9A525C2696D0074BA54 /* ZYPVideoManager.h */ = {isa = PBXFileReference; lastKnownFileType = sourcecode.c.h; path = ZYPVideoManager.h; sourceTree = "<group>"; };
		88D2B9A625C2696D0074BA54 /* ZYPVideoManager.m */ = {isa = PBXFileReference; lastKnownFileType = sourcecode.c.objc; path = ZYPVideoManager.m; sourceTree = "<group>"; };
		88D2B9A925C26A280074BA54 /* ZYPGPUImageBeautifyFilter.h */ = {isa = PBXFileReference; lastKnownFileType = sourcecode.c.h; path = ZYPGPUImageBeautifyFilter.h; sourceTree = "<group>"; };
		88D2B9AA25C26A280074BA54 /* ZYPGPUImageBeautifyFilter.m */ = {isa = PBXFileReference; lastKnownFileType = sourcecode.c.objc; path = ZYPGPUImageBeautifyFilter.m; sourceTree = "<group>"; };
		88E53F1825764AD7004C7DC3 /* OpenGLDemo.app */ = {isa = PBXFileReference; explicitFileType = wrapper.application; includeInIndex = 0; path = OpenGLDemo.app; sourceTree = BUILT_PRODUCTS_DIR; };
		88E53F1B25764AD7004C7DC3 /* AppDelegate.h */ = {isa = PBXFileReference; lastKnownFileType = sourcecode.c.h; path = AppDelegate.h; sourceTree = "<group>"; };
		88E53F1C25764AD7004C7DC3 /* AppDelegate.m */ = {isa = PBXFileReference; lastKnownFileType = sourcecode.c.objc; path = AppDelegate.m; sourceTree = "<group>"; };
		88E53F1E25764AD7004C7DC3 /* SceneDelegate.h */ = {isa = PBXFileReference; lastKnownFileType = sourcecode.c.h; path = SceneDelegate.h; sourceTree = "<group>"; };
		88E53F1F25764AD7004C7DC3 /* SceneDelegate.m */ = {isa = PBXFileReference; lastKnownFileType = sourcecode.c.objc; path = SceneDelegate.m; sourceTree = "<group>"; };
		88E53F2525764AD7004C7DC3 /* Base */ = {isa = PBXFileReference; lastKnownFileType = file.storyboard; name = Base; path = Base.lproj/Main.storyboard; sourceTree = "<group>"; };
		88E53F2725764ADB004C7DC3 /* Assets.xcassets */ = {isa = PBXFileReference; lastKnownFileType = folder.assetcatalog; path = Assets.xcassets; sourceTree = "<group>"; };
		88E53F2A25764ADB004C7DC3 /* Base */ = {isa = PBXFileReference; lastKnownFileType = file.storyboard; name = Base; path = Base.lproj/LaunchScreen.storyboard; sourceTree = "<group>"; };
		88E53F2C25764ADB004C7DC3 /* Info.plist */ = {isa = PBXFileReference; lastKnownFileType = text.plist.xml; path = Info.plist; sourceTree = "<group>"; };
		88E53F2D25764ADB004C7DC3 /* main.m */ = {isa = PBXFileReference; lastKnownFileType = sourcecode.c.objc; path = main.m; sourceTree = "<group>"; };
		88E53F3625764F6E004C7DC3 /* ZYPPyramidViewController.h */ = {isa = PBXFileReference; lastKnownFileType = sourcecode.c.h; path = ZYPPyramidViewController.h; sourceTree = "<group>"; };
		88E53F3725764F6E004C7DC3 /* ZYPPyramidViewController.m */ = {isa = PBXFileReference; lastKnownFileType = sourcecode.c.objc; path = ZYPPyramidViewController.m; sourceTree = "<group>"; };
/* End PBXFileReference section */

/* Begin PBXFrameworksBuildPhase section */
		88E53F1525764AD7004C7DC3 /* Frameworks */ = {
			isa = PBXFrameworksBuildPhase;
			buildActionMask = 2147483647;
			files = (
				123FC6C9EAEB7E8930538FF1 /* libPods-OpenGLDemo.a in Frameworks */,
			);
			runOnlyForDeploymentPostprocessing = 0;
		};
/* End PBXFrameworksBuildPhase section */

/* Begin PBXGroup section */
		3B8839640A349BA32C544A39 /* Frameworks */ = {
			isa = PBXGroup;
			children = (
				6EBAAC997DC350149592DD4D /* libPods-OpenGLDemo.a */,
			);
			name = Frameworks;
			sourceTree = "<group>";
		};
		830B7DFFC149A5A5916A8ECB /* Pods */ = {
			isa = PBXGroup;
			children = (
				7656CBDD3883E97B27075685 /* Pods-OpenGLDemo.debug.xcconfig */,
				54CD9527A126BD714F223327 /* Pods-OpenGLDemo.release.xcconfig */,
			);
			path = Pods;
			sourceTree = "<group>";
		};
		884B50652587625400B2824A /* res */ = {
			isa = PBXGroup;
			children = (
				884B506A2587625F00B2824A /* abc.string */,
				884B50692587625F00B2824A /* CC.string */,
				884B506B2587625F00B2824A /* debug.h */,
				884B506C2587625F00B2824A /* Erase.caf */,
				884B50682587625F00B2824A /* fileUtil.h */,
				884B50672587625F00B2824A /* fileUtil.m */,
				884B50662587625F00B2824A /* Select.caf */,
				884B506D2587625F00B2824A /* shaderUtil.c */,
				884B506E2587625F00B2824A /* shaderUtil.h */,
			);
			path = res;
			sourceTree = "<group>";
		};
		885DB24625B939E200FE486E /* ImageColorTemperature */ = {
			isa = PBXGroup;
			children = (
				885DB24725B939FA00FE486E /* res */,
				885DB24825B93A2700FE486E /* ZYPImageColorTemperatureViewController.h */,
				885DB24925B93A2700FE486E /* ZYPImageColorTemperatureViewController.m */,
				885DB25025B93A5400FE486E /* ZYPContainerView.h */,
				885DB25125B93A5400FE486E /* ZYPContainerView.m */,
				885DB24C25B93A4000FE486E /* ZYPGLView.h */,
				885DB24D25B93A4000FE486E /* ZYPGLView.m */,
				885DB25425B9721600FE486E /* ImageVertexShader.vsh */,
				885DB25825B9723A00FE486E /* ImageSaturation.fsh */,
				885DB25B25B9724D00FE486E /* ImageTemperature.fsh */,
			);
			path = ImageColorTemperature;
			sourceTree = "<group>";
		};
		885DB24725B939FA00FE486E /* res */ = {
			isa = PBXGroup;
			children = (
				885DB25E25BAD37100FE486E /* Lena.png */,
			);
			path = res;
			sourceTree = "<group>";
		};
		88C4DAAA25AD3DA200ECC1FD /* earthAndMoon */ = {
			isa = PBXGroup;
			children = (
				88C4DAB325AD552B00ECC1FD /* Kit */,
				88C4DAB825AD555900ECC1FD /* res */,
				88C4DAAC25AD544F00ECC1FD /* ZYPEarthAndModnViewController.h */,
				88C4DAAD25AD545000ECC1FD /* ZYPEarthAndModnViewController.m */,
			);
			path = earthAndMoon;
			sourceTree = "<group>";
		};
		88C4DAB325AD552B00ECC1FD /* Kit */ = {
			isa = PBXGroup;
			children = (
				88C4DAB425AD554700ECC1FD /* AGLKVertexAttribArrayBuffer.h */,
				88C4DAB525AD554700ECC1FD /* AGLKVertexAttribArrayBuffer.m */,
			);
			path = Kit;
			sourceTree = "<group>";
		};
		88C4DAB825AD555900ECC1FD /* res */ = {
			isa = PBXGroup;
			children = (
				88C4DAB925AD556700ECC1FD /* Earth512x256.jpg */,
				88C4DABB25AD556800ECC1FD /* Moon256x128.png */,
				88C4DABC25AD556800ECC1FD /* sphere.h */,
				88C4DABA25AD556800ECC1FD /* sphere.obj */,
			);
			path = res;
			sourceTree = "<group>";
		};
		88C4DAC125AD558000ECC1FD /* res */ = {
			isa = PBXGroup;
			children = (
				884B5051257E319B00B2824A /* cTest.jpg */,
			);
			path = res;
			sourceTree = "<group>";
		};
		88C4DACC25AEF65200ECC1FD /* light */ = {
			isa = PBXGroup;
			children = (
				88C4DAD125AEF75900ECC1FD /* sceneUtil.h */,
				88C4DAD225AEF75900ECC1FD /* sceneUtil.m */,
				88C4DACD25AEF66F00ECC1FD /* ZYPLightViewController.h */,
				88C4DACE25AEF66F00ECC1FD /* ZYPLightViewController.m */,
			);
			path = light;
			sourceTree = "<group>";
		};
		88C4DADB25B030C100ECC1FD /* SkyBox */ = {
			isa = PBXGroup;
			children = (
				88C4DADC25B030F600ECC1FD /* res */,
				88C4DAE525B0313600ECC1FD /* starship.c */,
				88C4DAE625B0313600ECC1FD /* starship.h */,
				88C4DAE925B0317A00ECC1FD /* ZYPSkyBoxViewController.h */,
				88C4DAEA25B0317A00ECC1FD /* ZYPSkyBoxViewController.m */,
				88C4DAF925B032A200ECC1FD /* ZYPSkyBoxEffect.h */,
				88C4DAFA25B032A200ECC1FD /* ZYPSkyBoxEffect.m */,
				88C4DAF225B031B300ECC1FD /* SkyBoxShader.vsh */,
				88C4DAF525B031C000ECC1FD /* SkyBoxShader.fsh */,
			);
			path = SkyBox;
			sourceTree = "<group>";
		};
		88C4DADC25B030F600ECC1FD /* res */ = {
			isa = PBXGroup;
			children = (
				88C4DADF25B0310800ECC1FD /* skybox1.png */,
				88C4DADD25B0310800ECC1FD /* skybox2.png */,
				88C4DADE25B0310800ECC1FD /* skybox3.png */,
			);
			path = res;
			sourceTree = "<group>";
		};
		88C4DB0325B52AD400ECC1FD /* ParticleSystem */ = {
			isa = PBXGroup;
			children = (
				88C4DB1825B5928E00ECC1FD /* res */,
				88C4DB0525B52B8000ECC1FD /* ZYPParticleSystemViewController.h */,
				88C4DB0625B52B8100ECC1FD /* ZYPParticleSystemViewController.m */,
				88C4DB0A25B52BBC00ECC1FD /* ZYPPointParticleEffect.h */,
				88C4DB0B25B52BBC00ECC1FD /* ZYPPointParticleEffect.m */,
				88C4DB0E25B52BE000ECC1FD /* ZYPVertexAttribArrayBuffer.h */,
				88C4DB0F25B52BE000ECC1FD /* ZYPVertexAttribArrayBuffer.m */,
				88C4DB1225B572FC00ECC1FD /* PointParticlesShader.vsh */,
				88C4DB1525B5730D00ECC1FD /* PointParticlesShader.fsh */,
			);
			path = ParticleSystem;
			sourceTree = "<group>";
		};
		88C4DB1825B5928E00ECC1FD /* res */ = {
			isa = PBXGroup;
			children = (
				88C4DB1925B5929E00ECC1FD /* ball.png */,
			);
			path = res;
			sourceTree = "<group>";
		};
		88D2B99C25C2665C0074BA54 /* OpenGLESWithGPUImage */ = {
			isa = PBXGroup;
			children = (
				88D2B99D25C266B60074BA54 /* ZYPOpenGLESWithGPUImageViewController.h */,
				88D2B99E25C266B60074BA54 /* ZYPOpenGLESWithGPUImageViewController.m */,
				8895517B25C7B3BB006634A6 /* ZYPTakePhotoWithGPUImageViewController.h */,
				8895517C25C7B3BB006634A6 /* ZYPTakePhotoWithGPUImageViewController.m */,
				88D2B9A125C2694E0074BA54 /* ZYPRecordVideoWithGPUImageViewController.h */,
				88D2B9A225C2694E0074BA54 /* ZYPRecordVideoWithGPUImageViewController.m */,
				88D2B9A525C2696D0074BA54 /* ZYPVideoManager.h */,
				88D2B9A625C2696D0074BA54 /* ZYPVideoManager.m */,
				88D2B9A925C26A280074BA54 /* ZYPGPUImageBeautifyFilter.h */,
				88D2B9AA25C26A280074BA54 /* ZYPGPUImageBeautifyFilter.m */,
			);
			path = OpenGLESWithGPUImage;
			sourceTree = "<group>";
		};
		88E53F0F25764AD7004C7DC3 = {
			isa = PBXGroup;
			children = (
				88E53F1A25764AD7004C7DC3 /* OpenGLDemo */,
				88E53F1925764AD7004C7DC3 /* Products */,
				830B7DFFC149A5A5916A8ECB /* Pods */,
				3B8839640A349BA32C544A39 /* Frameworks */,
			);
			sourceTree = "<group>";
		};
		88E53F1925764AD7004C7DC3 /* Products */ = {
			isa = PBXGroup;
			children = (
				88E53F1825764AD7004C7DC3 /* OpenGLDemo.app */,
			);
			name = Products;
			sourceTree = "<group>";
		};
		88E53F1A25764AD7004C7DC3 /* OpenGLDemo */ = {
			isa = PBXGroup;
			children = (
				88D2B99C25C2665C0074BA54 /* OpenGLESWithGPUImage */,
				885DB24625B939E200FE486E /* ImageColorTemperature */,
				88C4DB0325B52AD400ECC1FD /* ParticleSystem */,
				88C4DADB25B030C100ECC1FD /* SkyBox */,
				88C4DACC25AEF65200ECC1FD /* light */,
				88C4DAAA25AD3DA200ECC1FD /* earthAndMoon */,
				88E53F3525764B3E004C7DC3 /* pyramid */,
				88E53F3425764AFD004C7DC3 /* drawingBoard */,
				88E53F1B25764AD7004C7DC3 /* AppDelegate.h */,
				88E53F1C25764AD7004C7DC3 /* AppDelegate.m */,
				88E53F1E25764AD7004C7DC3 /* SceneDelegate.h */,
				88E53F1F25764AD7004C7DC3 /* SceneDelegate.m */,
				88C4DB2525B8116800ECC1FD /* ZYPMainViewController.h */,
				88C4DB2625B8116800ECC1FD /* ZYPMainViewController.m */,
				88E53F2425764AD7004C7DC3 /* Main.storyboard */,
				88E53F2725764ADB004C7DC3 /* Assets.xcassets */,
				88E53F2925764ADB004C7DC3 /* LaunchScreen.storyboard */,
				88E53F2C25764ADB004C7DC3 /* Info.plist */,
				88E53F2D25764ADB004C7DC3 /* main.m */,
			);
			path = OpenGLDemo;
			sourceTree = "<group>";
		};
		88E53F3425764AFD004C7DC3 /* drawingBoard */ = {
			isa = PBXGroup;
			children = (
				884B50652587625400B2824A /* res */,
				884B504E257E305E00B2824A /* ZYPDrawingBoardViewController.h */,
				884B504F257E305E00B2824A /* ZYPDrawingBoardViewController.m */,
				884B505625875D8700B2824A /* ZYPDrawingBoardView.h */,
				884B505725875D8700B2824A /* ZYPDrawingBoardView.m */,
				884B505925875DA400B2824A /* ZYPDrawingBoardSoundEffect.h */,
				884B505A25875DA400B2824A /* ZYPDrawingBoardSoundEffect.m */,
				884B506325875F0300B2824A /* point.vsh */,
				884B506125875EEC00B2824A /* point.fsh */,
			);
			path = drawingBoard;
			sourceTree = "<group>";
		};
		88E53F3525764B3E004C7DC3 /* pyramid */ = {
			isa = PBXGroup;
			children = (
				88C4DAC125AD558000ECC1FD /* res */,
				88E53F3625764F6E004C7DC3 /* ZYPPyramidViewController.h */,
				88E53F3725764F6E004C7DC3 /* ZYPPyramidViewController.m */,
			);
			path = pyramid;
			sourceTree = "<group>";
		};
/* End PBXGroup section */

/* Begin PBXNativeTarget section */
		88E53F1725764AD7004C7DC3 /* OpenGLDemo */ = {
			isa = PBXNativeTarget;
			buildConfigurationList = 88E53F3125764ADB004C7DC3 /* Build configuration list for PBXNativeTarget "OpenGLDemo" */;
			buildPhases = (
				B51EF939922D08FB26562D04 /* [CP] Check Pods Manifest.lock */,
				88E53F1425764AD7004C7DC3 /* Sources */,
				88E53F1525764AD7004C7DC3 /* Frameworks */,
				88E53F1625764AD7004C7DC3 /* Resources */,
				F8447F3CDBEC78B3B294F1A4 /* [CP] Copy Pods Resources */,
			);
			buildRules = (
			);
			dependencies = (
			);
			name = OpenGLDemo;
			productName = OpenGLDemo;
			productReference = 88E53F1825764AD7004C7DC3 /* OpenGLDemo.app */;
			productType = "com.apple.product-type.application";
		};
/* End PBXNativeTarget section */

/* Begin PBXProject section */
		88E53F1025764AD7004C7DC3 /* Project object */ = {
			isa = PBXProject;
			attributes = {
				CLASSPREFIX = ZYP;
				LastUpgradeCheck = 1160;
				ORGANIZATIONNAME = imac;
				TargetAttributes = {
					88E53F1725764AD7004C7DC3 = {
						CreatedOnToolsVersion = 11.6;
					};
				};
			};
			buildConfigurationList = 88E53F1325764AD7004C7DC3 /* Build configuration list for PBXProject "OpenGLDemo" */;
			compatibilityVersion = "Xcode 9.3";
			developmentRegion = en;
			hasScannedForEncodings = 0;
			knownRegions = (
				en,
				Base,
			);
			mainGroup = 88E53F0F25764AD7004C7DC3;
			productRefGroup = 88E53F1925764AD7004C7DC3 /* Products */;
			projectDirPath = "";
			projectRoot = "";
			targets = (
				88E53F1725764AD7004C7DC3 /* OpenGLDemo */,
			);
		};
/* End PBXProject section */

/* Begin PBXResourcesBuildPhase section */
		88E53F1625764AD7004C7DC3 /* Resources */ = {
			isa = PBXResourcesBuildPhase;
			buildActionMask = 2147483647;
			files = (
				884B506225875EEC00B2824A /* point.fsh in Resources */,
				884B506F2587625F00B2824A /* Select.caf in Resources */,
				88C4DAF325B031B300ECC1FD /* SkyBoxShader.vsh in Resources */,
				88C4DABD25AD556800ECC1FD /* Earth512x256.jpg in Resources */,
				885DB25C25B9724D00FE486E /* ImageTemperature.fsh in Resources */,
				88E53F2B25764ADB004C7DC3 /* LaunchScreen.storyboard in Resources */,
				88C4DB1325B572FC00ECC1FD /* PointParticlesShader.vsh in Resources */,
				885DB25525B9721600FE486E /* ImageVertexShader.vsh in Resources */,
				88C4DAE025B0310800ECC1FD /* skybox2.png in Resources */,
				88C4DAF625B031C000ECC1FD /* SkyBoxShader.fsh in Resources */,
				884B506425875F0300B2824A /* point.vsh in Resources */,
				88C4DAE125B0310800ECC1FD /* skybox3.png in Resources */,
				884B50722587625F00B2824A /* abc.string in Resources */,
				88C4DB1625B5730D00ECC1FD /* PointParticlesShader.fsh in Resources */,
				884B50712587625F00B2824A /* CC.string in Resources */,
				88E53F2825764ADB004C7DC3 /* Assets.xcassets in Resources */,
				88C4DABF25AD556800ECC1FD /* Moon256x128.png in Resources */,
				884B50732587625F00B2824A /* Erase.caf in Resources */,
				88E53F2625764AD7004C7DC3 /* Main.storyboard in Resources */,
				88C4DABE25AD556800ECC1FD /* sphere.obj in Resources */,
				884B5052257E319B00B2824A /* cTest.jpg in Resources */,
				88C4DAE225B0310800ECC1FD /* skybox1.png in Resources */,
				885DB25F25BAD37100FE486E /* Lena.png in Resources */,
				88C4DB1A25B5929E00ECC1FD /* ball.png in Resources */,
				885DB25925B9723A00FE486E /* ImageSaturation.fsh in Resources */,
			);
			runOnlyForDeploymentPostprocessing = 0;
		};
/* End PBXResourcesBuildPhase section */

/* Begin PBXShellScriptBuildPhase section */
		B51EF939922D08FB26562D04 /* [CP] Check Pods Manifest.lock */ = {
			isa = PBXShellScriptBuildPhase;
			buildActionMask = 2147483647;
			files = (
			);
			inputFileListPaths = (
			);
			inputPaths = (
				"${PODS_PODFILE_DIR_PATH}/Podfile.lock",
				"${PODS_ROOT}/Manifest.lock",
			);
			name = "[CP] Check Pods Manifest.lock";
			outputFileListPaths = (
			);
			outputPaths = (
				"$(DERIVED_FILE_DIR)/Pods-OpenGLDemo-checkManifestLockResult.txt",
			);
			runOnlyForDeploymentPostprocessing = 0;
			shellPath = /bin/sh;
			shellScript = "diff \"${PODS_PODFILE_DIR_PATH}/Podfile.lock\" \"${PODS_ROOT}/Manifest.lock\" > /dev/null\nif [ $? != 0 ] ; then\n    # print error to STDERR\n    echo \"error: The sandbox is not in sync with the Podfile.lock. Run 'pod install' or update your CocoaPods installation.\" >&2\n    exit 1\nfi\n# This output is used by Xcode 'outputs' to avoid re-running this script phase.\necho \"SUCCESS\" > \"${SCRIPT_OUTPUT_FILE_0}\"\n";
			showEnvVarsInLog = 0;
		};
		F8447F3CDBEC78B3B294F1A4 /* [CP] Copy Pods Resources */ = {
			isa = PBXShellScriptBuildPhase;
			buildActionMask = 2147483647;
			files = (
			);
			inputFileListPaths = (
				"${PODS_ROOT}/Target Support Files/Pods-OpenGLDemo/Pods-OpenGLDemo-resources-${CONFIGURATION}-input-files.xcfilelist",
			);
			name = "[CP] Copy Pods Resources";
			outputFileListPaths = (
				"${PODS_ROOT}/Target Support Files/Pods-OpenGLDemo/Pods-OpenGLDemo-resources-${CONFIGURATION}-output-files.xcfilelist",
			);
			runOnlyForDeploymentPostprocessing = 0;
			shellPath = /bin/sh;
			shellScript = "\"${PODS_ROOT}/Target Support Files/Pods-OpenGLDemo/Pods-OpenGLDemo-resources.sh\"\n";
			showEnvVarsInLog = 0;
		};
/* End PBXShellScriptBuildPhase section */

/* Begin PBXSourcesBuildPhase section */
		88E53F1425764AD7004C7DC3 /* Sources */ = {
			isa = PBXSourcesBuildPhase;
			buildActionMask = 2147483647;
			files = (
				88E53F1D25764AD7004C7DC3 /* AppDelegate.m in Sources */,
				88C4DACF25AEF66F00ECC1FD /* ZYPLightViewController.m in Sources */,
				88C4DB0725B52B8100ECC1FD /* ZYPParticleSystemViewController.m in Sources */,
				88C4DAB625AD554700ECC1FD /* AGLKVertexAttribArrayBuffer.m in Sources */,
				88E53F3825764F6E004C7DC3 /* ZYPPyramidViewController.m in Sources */,
				88C4DB2725B8116900ECC1FD /* ZYPMainViewController.m in Sources */,
				88C4DAEB25B0317A00ECC1FD /* ZYPSkyBoxViewController.m in Sources */,
				885DB24A25B93A2700FE486E /* ZYPImageColorTemperatureViewController.m in Sources */,
				88C4DAD325AEF75900ECC1FD /* sceneUtil.m in Sources */,
				884B505825875D8700B2824A /* ZYPDrawingBoardView.m in Sources */,
				88C4DAAE25AD545000ECC1FD /* ZYPEarthAndModnViewController.m in Sources */,
				884B50702587625F00B2824A /* fileUtil.m in Sources */,
				88D2B9A325C2694E0074BA54 /* ZYPRecordVideoWithGPUImageViewController.m in Sources */,
				88D2B99F25C266B60074BA54 /* ZYPOpenGLESWithGPUImageViewController.m in Sources */,
				88E53F2E25764ADB004C7DC3 /* main.m in Sources */,
				88E53F2025764AD7004C7DC3 /* SceneDelegate.m in Sources */,
				884B5050257E305E00B2824A /* ZYPDrawingBoardViewController.m in Sources */,
				88D2B9A725C2696D0074BA54 /* ZYPVideoManager.m in Sources */,
				88C4DB0C25B52BBC00ECC1FD /* ZYPPointParticleEffect.m in Sources */,
				8895517D25C7B3BB006634A6 /* ZYPTakePhotoWithGPUImageViewController.m in Sources */,
				88C4DB1025B52BE000ECC1FD /* ZYPVertexAttribArrayBuffer.m in Sources */,
				88C4DAFB25B032A200ECC1FD /* ZYPSkyBoxEffect.m in Sources */,
				885DB25225B93A5400FE486E /* ZYPContainerView.m in Sources */,
				884B50742587625F00B2824A /* shaderUtil.c in Sources */,
				88D2B9AB25C26A280074BA54 /* ZYPGPUImageBeautifyFilter.m in Sources */,
				884B505B25875DA400B2824A /* ZYPDrawingBoardSoundEffect.m in Sources */,
				88C4DAE725B0313600ECC1FD /* starship.c in Sources */,
				885DB24E25B93A4000FE486E /* ZYPGLView.m in Sources */,
			);
			runOnlyForDeploymentPostprocessing = 0;
		};
/* End PBXSourcesBuildPhase section */

/* Begin PBXVariantGroup section */
		88E53F2425764AD7004C7DC3 /* Main.storyboard */ = {
			isa = PBXVariantGroup;
			children = (
				88E53F2525764AD7004C7DC3 /* Base */,
			);
			name = Main.storyboard;
			sourceTree = "<group>";
		};
		88E53F2925764ADB004C7DC3 /* LaunchScreen.storyboard */ = {
			isa = PBXVariantGroup;
			children = (
				88E53F2A25764ADB004C7DC3 /* Base */,
			);
			name = LaunchScreen.storyboard;
			sourceTree = "<group>";
		};
/* End PBXVariantGroup section */

/* Begin XCBuildConfiguration section */
		88E53F2F25764ADB004C7DC3 /* Debug */ = {
			isa = XCBuildConfiguration;
			buildSettings = {
				ALWAYS_SEARCH_USER_PATHS = NO;
				CLANG_ANALYZER_NONNULL = YES;
				CLANG_ANALYZER_NUMBER_OBJECT_CONVERSION = YES_AGGRESSIVE;
				CLANG_CXX_LANGUAGE_STANDARD = "gnu++14";
				CLANG_CXX_LIBRARY = "libc++";
				CLANG_ENABLE_MODULES = YES;
				CLANG_ENABLE_OBJC_ARC = YES;
				CLANG_ENABLE_OBJC_WEAK = YES;
				CLANG_WARN_BLOCK_CAPTURE_AUTORELEASING = YES;
				CLANG_WARN_BOOL_CONVERSION = YES;
				CLANG_WARN_COMMA = YES;
				CLANG_WARN_CONSTANT_CONVERSION = YES;
				CLANG_WARN_DEPRECATED_OBJC_IMPLEMENTATIONS = YES;
				CLANG_WARN_DIRECT_OBJC_ISA_USAGE = YES_ERROR;
				CLANG_WARN_DOCUMENTATION_COMMENTS = YES;
				CLANG_WARN_EMPTY_BODY = YES;
				CLANG_WARN_ENUM_CONVERSION = YES;
				CLANG_WARN_INFINITE_RECURSION = YES;
				CLANG_WARN_INT_CONVERSION = YES;
				CLANG_WARN_NON_LITERAL_NULL_CONVERSION = YES;
				CLANG_WARN_OBJC_IMPLICIT_RETAIN_SELF = YES;
				CLANG_WARN_OBJC_LITERAL_CONVERSION = YES;
				CLANG_WARN_OBJC_ROOT_CLASS = YES_ERROR;
				CLANG_WARN_RANGE_LOOP_ANALYSIS = YES;
				CLANG_WARN_STRICT_PROTOTYPES = YES;
				CLANG_WARN_SUSPICIOUS_MOVE = YES;
				CLANG_WARN_UNGUARDED_AVAILABILITY = YES_AGGRESSIVE;
				CLANG_WARN_UNREACHABLE_CODE = YES;
				CLANG_WARN__DUPLICATE_METHOD_MATCH = YES;
				COPY_PHASE_STRIP = NO;
				DEBUG_INFORMATION_FORMAT = dwarf;
				ENABLE_STRICT_OBJC_MSGSEND = YES;
				ENABLE_TESTABILITY = YES;
				GCC_C_LANGUAGE_STANDARD = gnu11;
				GCC_DYNAMIC_NO_PIC = NO;
				GCC_NO_COMMON_BLOCKS = YES;
				GCC_OPTIMIZATION_LEVEL = 0;
				GCC_PREPROCESSOR_DEFINITIONS = (
					"DEBUG=1",
					"$(inherited)",
				);
				GCC_WARN_64_TO_32_BIT_CONVERSION = YES;
				GCC_WARN_ABOUT_RETURN_TYPE = YES_ERROR;
				GCC_WARN_UNDECLARED_SELECTOR = YES;
				GCC_WARN_UNINITIALIZED_AUTOS = YES_AGGRESSIVE;
				GCC_WARN_UNUSED_FUNCTION = YES;
				GCC_WARN_UNUSED_VARIABLE = YES;
				IPHONEOS_DEPLOYMENT_TARGET = 13.6;
				MTL_ENABLE_DEBUG_INFO = INCLUDE_SOURCE;
				MTL_FAST_MATH = YES;
				ONLY_ACTIVE_ARCH = YES;
				SDKROOT = iphoneos;
			};
			name = Debug;
		};
		88E53F3025764ADB004C7DC3 /* Release */ = {
			isa = XCBuildConfiguration;
			buildSettings = {
				ALWAYS_SEARCH_USER_PATHS = NO;
				CLANG_ANALYZER_NONNULL = YES;
				CLANG_ANALYZER_NUMBER_OBJECT_CONVERSION = YES_AGGRESSIVE;
				CLANG_CXX_LANGUAGE_STANDARD = "gnu++14";
				CLANG_CXX_LIBRARY = "libc++";
				CLANG_ENABLE_MODULES = YES;
				CLANG_ENABLE_OBJC_ARC = YES;
				CLANG_ENABLE_OBJC_WEAK = YES;
				CLANG_WARN_BLOCK_CAPTURE_AUTORELEASING = YES;
				CLANG_WARN_BOOL_CONVERSION = YES;
				CLANG_WARN_COMMA = YES;
				CLANG_WARN_CONSTANT_CONVERSION = YES;
				CLANG_WARN_DEPRECATED_OBJC_IMPLEMENTATIONS = YES;
				CLANG_WARN_DIRECT_OBJC_ISA_USAGE = YES_ERROR;
				CLANG_WARN_DOCUMENTATION_COMMENTS = YES;
				CLANG_WARN_EMPTY_BODY = YES;
				CLANG_WARN_ENUM_CONVERSION = YES;
				CLANG_WARN_INFINITE_RECURSION = YES;
				CLANG_WARN_INT_CONVERSION = YES;
				CLANG_WARN_NON_LITERAL_NULL_CONVERSION = YES;
				CLANG_WARN_OBJC_IMPLICIT_RETAIN_SELF = YES;
				CLANG_WARN_OBJC_LITERAL_CONVERSION = YES;
				CLANG_WARN_OBJC_ROOT_CLASS = YES_ERROR;
				CLANG_WARN_RANGE_LOOP_ANALYSIS = YES;
				CLANG_WARN_STRICT_PROTOTYPES = YES;
				CLANG_WARN_SUSPICIOUS_MOVE = YES;
				CLANG_WARN_UNGUARDED_AVAILABILITY = YES_AGGRESSIVE;
				CLANG_WARN_UNREACHABLE_CODE = YES;
				CLANG_WARN__DUPLICATE_METHOD_MATCH = YES;
				COPY_PHASE_STRIP = NO;
				DEBUG_INFORMATION_FORMAT = "dwarf-with-dsym";
				ENABLE_NS_ASSERTIONS = NO;
				ENABLE_STRICT_OBJC_MSGSEND = YES;
				GCC_C_LANGUAGE_STANDARD = gnu11;
				GCC_NO_COMMON_BLOCKS = YES;
				GCC_WARN_64_TO_32_BIT_CONVERSION = YES;
				GCC_WARN_ABOUT_RETURN_TYPE = YES_ERROR;
				GCC_WARN_UNDECLARED_SELECTOR = YES;
				GCC_WARN_UNINITIALIZED_AUTOS = YES_AGGRESSIVE;
				GCC_WARN_UNUSED_FUNCTION = YES;
				GCC_WARN_UNUSED_VARIABLE = YES;
				IPHONEOS_DEPLOYMENT_TARGET = 13.6;
				MTL_ENABLE_DEBUG_INFO = NO;
				MTL_FAST_MATH = YES;
				SDKROOT = iphoneos;
				VALIDATE_PRODUCT = YES;
			};
			name = Release;
		};
		88E53F3225764ADB004C7DC3 /* Debug */ = {
			isa = XCBuildConfiguration;
			baseConfigurationReference = 7656CBDD3883E97B27075685 /* Pods-OpenGLDemo.debug.xcconfig */;
			buildSettings = {
				ASSETCATALOG_COMPILER_APPICON_NAME = AppIcon;
				CODE_SIGN_IDENTITY = "iPhone Developer";
				CODE_SIGN_STYLE = Manual;
				DEVELOPMENT_TEAM = 2K65WX34QD;
				INFOPLIST_FILE = OpenGLDemo/Info.plist;
				IPHONEOS_DEPLOYMENT_TARGET = 9.0;
				LD_RUNPATH_SEARCH_PATHS = (
					"$(inherited)",
					"@executable_path/Frameworks",
				);
				PRODUCT_BUNDLE_IDENTIFIER = hhh.OpenGLDemo;
				PRODUCT_NAME = "$(TARGET_NAME)";
				PROVISIONING_PROFILE_SPECIFIER = text;
				TARGETED_DEVICE_FAMILY = "1,2";
			};
			name = Debug;
		};
		88E53F3325764ADB004C7DC3 /* Release */ = {
			isa = XCBuildConfiguration;
			baseConfigurationReference = 54CD9527A126BD714F223327 /* Pods-OpenGLDemo.release.xcconfig */;
			buildSettings = {
				ASSETCATALOG_COMPILER_APPICON_NAME = AppIcon;
				CODE_SIGN_IDENTITY = "iPhone Developer";
				CODE_SIGN_STYLE = Manual;
				DEVELOPMENT_TEAM = 2K65WX34QD;
				INFOPLIST_FILE = OpenGLDemo/Info.plist;
				IPHONEOS_DEPLOYMENT_TARGET = 9.0;
				LD_RUNPATH_SEARCH_PATHS = (
					"$(inherited)",
					"@executable_path/Frameworks",
				);
				PRODUCT_BUNDLE_IDENTIFIER = hhh.OpenGLDemo;
				PRODUCT_NAME = "$(TARGET_NAME)";
				PROVISIONING_PROFILE_SPECIFIER = text;
				TARGETED_DEVICE_FAMILY = "1,2";
			};
			name = Release;
		};
/* End XCBuildConfiguration section */

/* Begin XCConfigurationList section */
		88E53F1325764AD7004C7DC3 /* Build configuration list for PBXProject "OpenGLDemo" */ = {
			isa = XCConfigurationList;
			buildConfigurations = (
				88E53F2F25764ADB004C7DC3 /* Debug */,
				88E53F3025764ADB004C7DC3 /* Release */,
			);
			defaultConfigurationIsVisible = 0;
			defaultConfigurationName = Release;
		};
		88E53F3125764ADB004C7DC3 /* Build configuration list for PBXNativeTarget "OpenGLDemo" */ = {
			isa = XCConfigurationList;
			buildConfigurations = (
				88E53F3225764ADB004C7DC3 /* Debug */,
				88E53F3325764ADB004C7DC3 /* Release */,
			);
			defaultConfigurationIsVisible = 0;
			defaultConfigurationName = Release;
		};
/* End XCConfigurationList section */
	};
	rootObject = 88E53F1025764AD7004C7DC3 /* Project object */;
}
